
Microsoft Visual Studio Solution File, Format Version 12.00
# Visual Studio Version 17
VisualStudioVersion = 17.13.35806.99
MinimumVisualStudioVersion = 10.0.40219.1
Project("{FAE04EC0-301F-11D3-BF4B-00C04F79EFBC}") = "IncomeTaxCalculator.Api", "IncomeTaxCalculatorApi\IncomeTaxCalculator.Api.csproj", "{99B941BE-9C0A-4B51-AD8D-65DF40C858CB}"
EndProject
Project("{FAE04EC0-301F-11D3-BF4B-00C04F79EFBC}") = "IncomeTaxCalculator.MAUI", "IncomeTaxCalculator.MAUI\IncomeTaxCalculator.MAUI.csproj", "{8CDE1589-59BF-4745-AC21-4DDA959A4E97}"
EndProject
Project("{FAE04EC0-301F-11D3-BF4B-00C04F79EFBC}") = "IncomeTaxCalculator.Models", "IncomeTaxCalculator.Models\IncomeTaxCalculator.Models.csproj", "{EFEB685E-A4A0-457B-B1F2-CD6E82C186A3}"
EndProject
Project("{FAE04EC0-301F-11D3-BF4B-00C04F79EFBC}") = "IncomeTaxCalculator.Domain", "IncomeTaxCalculator.Domain\IncomeTaxCalculator.Domain.csproj", "{5027321B-73A1-44C2-BA97-715F5ED89006}"
EndProject
Project("{FAE04EC0-301F-11D3-BF4B-00C04F79EFBC}") = "IncomeTaxCalculator.Domain.Tests", "IncomeTaxCalculator.Domain.Tests\IncomeTaxCalculator.Domain.Tests.csproj", "{44A0127D-3804-453F-81E4-213AD75264E5}"
EndProject
Global
	GlobalSection(SolutionConfigurationPlatforms) = preSolution
		Debug|Any CPU = Debug|Any CPU
		Release|Any CPU = Release|Any CPU
	EndGlobalSection
	GlobalSection(ProjectConfigurationPlatforms) = postSolution
		{99B941BE-9C0A-4B51-AD8D-65DF40C858CB}.Debug|Any CPU.ActiveCfg = Debug|Any CPU
		{99B941BE-9C0A-4B51-AD8D-65DF40C858CB}.Debug|Any CPU.Build.0 = Debug|Any CPU
		{99B941BE-9C0A-4B51-AD8D-65DF40C858CB}.Release|Any CPU.ActiveCfg = Release|Any CPU
		{99B941BE-9C0A-4B51-AD8D-65DF40C858CB}.Release|Any CPU.Build.0 = Release|Any CPU
		{8CDE1589-59BF-4745-AC21-4DDA959A4E97}.Debug|Any CPU.ActiveCfg = Debug|Any CPU
		{8CDE1589-59BF-4745-AC21-4DDA959A4E97}.Debug|Any CPU.Build.0 = Debug|Any CPU
		{8CDE1589-59BF-4745-AC21-4DDA959A4E97}.Debug|Any CPU.Deploy.0 = Debug|Any CPU
		{8CDE1589-59BF-4745-AC21-4DDA959A4E97}.Release|Any CPU.ActiveCfg = Release|Any CPU
		{8CDE1589-59BF-4745-AC21-4DDA959A4E97}.Release|Any CPU.Build.0 = Release|Any CPU
		{8CDE1589-59BF-4745-AC21-4DDA959A4E97}.Release|Any CPU.Deploy.0 = Release|Any CPU
		{EFEB685E-A4A0-457B-B1F2-CD6E82C186A3}.Debug|Any CPU.ActiveCfg = Debug|Any CPU
		{EFEB685E-A4A0-457B-B1F2-CD6E82C186A3}.Debug|Any CPU.Build.0 = Debug|Any CPU
		{EFEB685E-A4A0-457B-B1F2-CD6E82C186A3}.Release|Any CPU.ActiveCfg = Release|Any CPU
		{EFEB685E-A4A0-457B-B1F2-CD6E82C186A3}.Release|Any CPU.Build.0 = Release|Any CPU
		{5027321B-73A1-44C2-BA97-715F5ED89006}.Debug|Any CPU.ActiveCfg = Debug|Any CPU
		{5027321B-73A1-44C2-BA97-715F5ED89006}.Debug|Any CPU.Build.0 = Debug|Any CPU
		{5027321B-73A1-44C2-BA97-715F5ED89006}.Release|Any CPU.ActiveCfg = Release|Any CPU
		{5027321B-73A1-44C2-BA97-715F5ED89006}.Release|Any CPU.Build.0 = Release|Any CPU
		{44A0127D-3804-453F-81E4-213AD75264E5}.Debug|Any CPU.ActiveCfg = Debug|Any CPU
		{44A0127D-3804-453F-81E4-213AD75264E5}.Debug|Any CPU.Build.0 = Debug|Any CPU
		{44A0127D-3804-453F-81E4-213AD75264E5}.Release|Any CPU.ActiveCfg = Release|Any CPU
		{44A0127D-3804-453F-81E4-213AD75264E5}.Release|Any CPU.Build.0 = Release|Any CPU
	EndGlobalSection
	GlobalSection(SolutionProperties) = preSolution
		HideSolutionNode = FALSE
	EndGlobalSection
	GlobalSection(ExtensibilityGlobals) = postSolution
		SolutionGuid = {FEECB7A1-568A-4527-8F45-1D4B3467802D}
	EndGlobalSection
EndGlobal
